
Microsoft Visual Studio Solution File, Format Version 12.00
# Visual Studio Version 16
VisualStudioVersion = 16.0.31205.134
MinimumVisualStudioVersion = 10.0.40219.1
Project("{FAE04EC0-301F-11D3-BF4B-00C04F79EFBC}") = "PruebaOneLink", "PruebaOneLink\PruebaOneLink.csproj", "{27BE6E58-FDEF-4585-AD76-A69CB9859AB1}"
EndProject
Project("{FAE04EC0-301F-11D3-BF4B-00C04F79EFBC}") = "PruebaOneLink.DA", "PruebaOneLink.DA\PruebaOneLink.DA.csproj", "{0FC653D0-5B60-4FF4-9281-00C5D648D39C}"
EndProject
Project("{FAE04EC0-301F-11D3-BF4B-00C04F79EFBC}") = "PruebaOneLink.BL", "PruebaOneLink.BL\PruebaOneLink.BL.csproj", "{DD26301A-AD74-4DCA-B69B-EBA23E4B627F}"
EndProject
Project("{FAE04EC0-301F-11D3-BF4B-00C04F79EFBC}") = "PruebaOneLink.ET", "PruebaOneLink.ET\PruebaOneLink.ET.csproj", "{A032EC78-B592-454F-86F1-0A0CF16A7EE1}"
EndProject
Global
	GlobalSection(SolutionConfigurationPlatforms) = preSolution
		Debug|Any CPU = Debug|Any CPU
		Release|Any CPU = Release|Any CPU
	EndGlobalSection
	GlobalSection(ProjectConfigurationPlatforms) = postSolution
		{27BE6E58-FDEF-4585-AD76-A69CB9859AB1}.Debug|Any CPU.ActiveCfg = Debug|Any CPU
		{27BE6E58-FDEF-4585-AD76-A69CB9859AB1}.Debug|Any CPU.Build.0 = Debug|Any CPU
		{27BE6E58-FDEF-4585-AD76-A69CB9859AB1}.Release|Any CPU.ActiveCfg = Release|Any CPU
		{27BE6E58-FDEF-4585-AD76-A69CB9859AB1}.Release|Any CPU.Build.0 = Release|Any CPU
		{0FC653D0-5B60-4FF4-9281-00C5D648D39C}.Debug|Any CPU.ActiveCfg = Debug|Any CPU
		{0FC653D0-5B60-4FF4-9281-00C5D648D39C}.Debug|Any CPU.Build.0 = Debug|Any CPU
		{0FC653D0-5B60-4FF4-9281-00C5D648D39C}.Release|Any CPU.ActiveCfg = Release|Any CPU
		{0FC653D0-5B60-4FF4-9281-00C5D648D39C}.Release|Any CPU.Build.0 = Release|Any CPU
		{DD26301A-AD74-4DCA-B69B-EBA23E4B627F}.Debug|Any CPU.ActiveCfg = Debug|Any CPU
		{DD26301A-AD74-4DCA-B69B-EBA23E4B627F}.Debug|Any CPU.Build.0 = Debug|Any CPU
		{DD26301A-AD74-4DCA-B69B-EBA23E4B627F}.Release|Any CPU.ActiveCfg = Release|Any CPU
		{DD26301A-AD74-4DCA-B69B-EBA23E4B627F}.Release|Any CPU.Build.0 = Release|Any CPU
		{A032EC78-B592-454F-86F1-0A0CF16A7EE1}.Debug|Any CPU.ActiveCfg = Debug|Any CPU
		{A032EC78-B592-454F-86F1-0A0CF16A7EE1}.Debug|Any CPU.Build.0 = Debug|Any CPU
		{A032EC78-B592-454F-86F1-0A0CF16A7EE1}.Release|Any CPU.ActiveCfg = Release|Any CPU
		{A032EC78-B592-454F-86F1-0A0CF16A7EE1}.Release|Any CPU.Build.0 = Release|Any CPU
	EndGlobalSection
	GlobalSection(SolutionProperties) = preSolution
		HideSolutionNode = FALSE
	EndGlobalSection
	GlobalSection(ExtensibilityGlobals) = postSolution
		SolutionGuid = {FD961C01-A9F8-4D1E-A407-047F84B66A4D}
	EndGlobalSection
EndGlobal
